<?xml version="1.0" encoding="utf-8"?>
<Project ToolsVersion="4.0" xmlns="http://schemas.microsoft.com/developer/msbuild/2003">
  <ItemGroup>
    <Filter Include="engine">
      <UniqueIdentifier>{FBDB78FB-E77D-A3D1-D038-B725BC792A22}</UniqueIdentifier>
    </Filter>
    <Filter Include="engine\rendering">
      <UniqueIdentifier>{283BEE99-1434-0DEC-3D66-F27029BEECF7}</UniqueIdentifier>
    </Filter>
    <Filter Include="game">
      <UniqueIdentifier>{9F35977C-8B6C-980D-3459-7E10206F140F}</UniqueIdentifier>
    </Filter>
    <Filter Include="util">
      <UniqueIdentifier>{43339F7C-2F6A-A00D-D856-8610C46C1C0F}</UniqueIdentifier>
    </Filter>
  </ItemGroup>
  <ItemGroup>
    <ClInclude Include="src\engine\Allocator.h">
      <Filter>engine</Filter>
    </ClInclude>
    <ClInclude Include="src\engine\BaseObject.h">
      <Filter>engine</Filter>
    </ClInclude>
    <ClInclude Include="src\engine\Collider.h">
      <Filter>engine</Filter>
    </ClInclude>
    <ClInclude Include="src\engine\Component.h">
      <Filter>engine</Filter>
    </ClInclude>
    <ClInclude Include="src\engine\Engine.h">
      <Filter>engine</Filter>
    </ClInclude>
    <ClInclude Include="src\engine\Entity.h">
      <Filter>engine</Filter>
    </ClInclude>
    <ClInclude Include="src\engine\GameState.h">
      <Filter>engine</Filter>
    </ClInclude>
    <ClInclude Include="src\engine\IInput.h">
      <Filter>engine</Filter>
    </ClInclude>
    <ClInclude Include="src\engine\Interface.h">
      <Filter>engine</Filter>
    </ClInclude>
    <ClInclude Include="src\engine\Physics.h">
      <Filter>engine</Filter>
    </ClInclude>
    <ClInclude Include="src\engine\StateStack.h">
      <Filter>engine</Filter>
    </ClInclude>
    <ClInclude Include="src\engine\SystemSettings.h">
      <Filter>engine</Filter>
    </ClInclude>
    <ClInclude Include="src\engine\Transform.h">
      <Filter>engine</Filter>
    </ClInclude>
    <ClInclude Include="src\engine\World.h">
      <Filter>engine</Filter>
    </ClInclude>
    <ClInclude Include="src\engine\rendering\IRenderer.h">
      <Filter>engine\rendering</Filter>
    </ClInclude>
    <ClInclude Include="src\engine\rendering\Renderer.h">
      <Filter>engine\rendering</Filter>
    </ClInclude>
    <ClInclude Include="src\game\GameClient.h">
      <Filter>game</Filter>
    </ClInclude>
    <ClInclude Include="src\util\Collections.h">
      <Filter>util</Filter>
    </ClInclude>
    <ClInclude Include="src\util\Math.h">
      <Filter>util</Filter>
    </ClInclude>
  </ItemGroup>
  <ItemGroup>
    <ClCompile Include="src\engine\Engine.cpp">
      <Filter>engine</Filter>
    </ClCompile>
    <ClCompile Include="src\engine\Physics.cpp">
      <Filter>engine</Filter>
    </ClCompile>
    <ClCompile Include="src\engine\World.cpp">
      <Filter>engine</Filter>
    </ClCompile>
    <ClCompile Include="src\engine\rendering\Renderer.cpp">
      <Filter>engine\rendering</Filter>
    </ClCompile>
    <ClCompile Include="src\game\GameClient.cpp">
      <Filter>game</Filter>
    </ClCompile>
    <ClCompile Include="src\game\main.cpp">
      <Filter>game</Filter>
    </ClCompile>
  </ItemGroup>
</Project>