<?xml version="1.0" encoding="utf-8"?>
<Project ToolsVersion="4.0" xmlns="http://schemas.microsoft.com/developer/msbuild/2003">
  <ItemGroup>
    <Filter Include="extern">
      <UniqueIdentifier>{7BE134FC-6783-5FD2-503E-73263C7FE622}</UniqueIdentifier>
    </Filter>
    <Filter Include="extern\lodepng">
      <UniqueIdentifier>{B3602F2B-9F2E-2331-88C2-9357742FFF95}</UniqueIdentifier>
    </Filter>
    <Filter Include="src">
      <UniqueIdentifier>{2DAB880B-99B4-887C-2230-9F7C8E38947C}</UniqueIdentifier>
    </Filter>
    <Filter Include="src\engine">
      <UniqueIdentifier>{32B5D758-1E6D-19A6-8774-F201734BB496}</UniqueIdentifier>
    </Filter>
    <Filter Include="src\engine\camera">
      <UniqueIdentifier>{8A514EE1-F667-4C77-3FDF-D798AB341DFF}</UniqueIdentifier>
    </Filter>
    <Filter Include="src\engine\core">
      <UniqueIdentifier>{EA741D25-5600-8BE9-5F11-0EDECB1BE7E9}</UniqueIdentifier>
    </Filter>
    <Filter Include="src\engine\input">
      <UniqueIdentifier>{D11238C9-BD0B-571B-E63D-3CA0D2953627}</UniqueIdentifier>
    </Filter>
    <Filter Include="src\engine\logging">
      <UniqueIdentifier>{E83F21E0-D423-E235-3D84-DC882987CCB7}</UniqueIdentifier>
    </Filter>
    <Filter Include="src\engine\memory">
      <UniqueIdentifier>{7A74EAF8-E68A-E88E-2F02-74B09B57B916}</UniqueIdentifier>
    </Filter>
    <Filter Include="src\engine\object">
      <UniqueIdentifier>{98AA5CFD-04C1-5A93-4D38-E6B4B98D2B1B}</UniqueIdentifier>
    </Filter>
    <Filter Include="src\engine\object\basecomponents">
      <UniqueIdentifier>{08EFA73D-F43F-937F-1DA4-8141095426E9}</UniqueIdentifier>
    </Filter>
    <Filter Include="src\engine\physics">
      <UniqueIdentifier>{C4620205-B046-C35A-19A7-BDAD05AAADDC}</UniqueIdentifier>
    </Filter>
    <Filter Include="src\engine\rendering">
      <UniqueIdentifier>{1F455B01-0BD4-E4CA-B4F2-F8C5A060F570}</UniqueIdentifier>
    </Filter>
    <Filter Include="src\engine\rendering\mesh">
      <UniqueIdentifier>{5B520E52-C714-42DC-10C5-D0687CC61ABA}</UniqueIdentifier>
    </Filter>
    <Filter Include="src\engine\rendering\shaderobjects">
      <UniqueIdentifier>{EFF9ABC9-DB35-AF33-4448-C72A30A3574E}</UniqueIdentifier>
    </Filter>
    <Filter Include="src\engine\rendering\shaders">
      <UniqueIdentifier>{18B10DC0-046C-FD6B-AD23-76B699BD47FC}</UniqueIdentifier>
    </Filter>
    <Filter Include="src\engine\time">
      <UniqueIdentifier>{30AD2625-9C38-94E9-A549-17DE1154F0E9}</UniqueIdentifier>
    </Filter>
    <Filter Include="src\game">
      <UniqueIdentifier>{165530CF-0222-8BDA-2B3B-79821767C068}</UniqueIdentifier>
    </Filter>
    <Filter Include="src\networking">
      <UniqueIdentifier>{4422B6FF-30F0-A905-1984-1A2C05F1856A}</UniqueIdentifier>
    </Filter>
    <Filter Include="src\networking\client">
      <UniqueIdentifier>{F2F17507-5E5E-3102-2752-C95F937D536A}</UniqueIdentifier>
    </Filter>
    <Filter Include="src\networking\networkutil">
      <UniqueIdentifier>{1BEB22E5-07FB-CEB5-70B4-33D45CE3BD4E}</UniqueIdentifier>
    </Filter>
    <Filter Include="src\networking\server">
      <UniqueIdentifier>{0A074F2C-7673-0A27-3F67-A284AB922C8F}</UniqueIdentifier>
    </Filter>
    <Filter Include="src\util">
      <UniqueIdentifier>{BA5238CF-A61F-93DA-CF38-8182BB64C868}</UniqueIdentifier>
    </Filter>
    <Filter Include="src\util\math">
      <UniqueIdentifier>{F307AB0E-5FC8-2645-2803-70C294826B21}</UniqueIdentifier>
    </Filter>
  </ItemGroup>
  <ItemGroup>
    <ClInclude Include="src\engine\GameState.h">
      <Filter>src\engine</Filter>
    </ClInclude>
    <ClInclude Include="src\engine\StateStack.h">
      <Filter>src\engine</Filter>
    </ClInclude>
    <ClInclude Include="src\engine\camera\Camera.h">
      <Filter>src\engine\camera</Filter>
    </ClInclude>
    <ClInclude Include="src\engine\camera\CameraHandler.h">
      <Filter>src\engine\camera</Filter>
    </ClInclude>
    <ClInclude Include="src\engine\core\Engine.h">
      <Filter>src\engine\core</Filter>
    </ClInclude>
    <ClInclude Include="src\engine\core\IModule.h">
      <Filter>src\engine\core</Filter>
    </ClInclude>
    <ClInclude Include="src\engine\core\MetaData.h">
      <Filter>src\engine\core</Filter>
    </ClInclude>
    <ClInclude Include="src\engine\core\SystemSettings.h">
      <Filter>src\engine\core</Filter>
    </ClInclude>
    <ClInclude Include="src\engine\core\Window.h">
      <Filter>src\engine\core</Filter>
    </ClInclude>
    <ClInclude Include="src\engine\core\World.h">
      <Filter>src\engine\core</Filter>
    </ClInclude>
    <ClInclude Include="src\engine\input\InputHandler.h">
      <Filter>src\engine\input</Filter>
    </ClInclude>
    <ClInclude Include="src\engine\logging\Logging.h">
      <Filter>src\engine\logging</Filter>
    </ClInclude>
    <ClInclude Include="src\engine\memory\Allocator.h">
      <Filter>src\engine\memory</Filter>
    </ClInclude>
    <ClInclude Include="src\engine\object\BaseObject.h">
      <Filter>src\engine\object</Filter>
    </ClInclude>
    <ClInclude Include="src\engine\object\Entity.h">
      <Filter>src\engine\object</Filter>
    </ClInclude>
    <ClInclude Include="src\engine\object\Transform.h">
      <Filter>src\engine\object</Filter>
    </ClInclude>
    <ClInclude Include="src\engine\object\basecomponents\CameraComponent.h">
      <Filter>src\engine\object\basecomponents</Filter>
    </ClInclude>
    <ClInclude Include="src\engine\object\basecomponents\RigidBodyComponent.h">
      <Filter>src\engine\object\basecomponents</Filter>
    </ClInclude>
    <ClInclude Include="src\engine\object\basecomponents\component.h">
      <Filter>src\engine\object\basecomponents</Filter>
    </ClInclude>
    <ClInclude Include="src\engine\object\basecomponents\visualcomponent.h">
      <Filter>src\engine\object\basecomponents</Filter>
    </ClInclude>
    <ClInclude Include="src\engine\physics\Collider.h">
      <Filter>src\engine\physics</Filter>
    </ClInclude>
    <ClInclude Include="src\engine\physics\Physics.h">
      <Filter>src\engine\physics</Filter>
    </ClInclude>
    <ClInclude Include="src\engine\rendering\IMesh.h">
      <Filter>src\engine\rendering</Filter>
    </ClInclude>
    <ClInclude Include="src\engine\rendering\IRenderer.h">
      <Filter>src\engine\rendering</Filter>
    </ClInclude>
    <ClInclude Include="src\engine\rendering\IShader.h">
      <Filter>src\engine\rendering</Filter>
    </ClInclude>
    <ClInclude Include="src\engine\rendering\RenderCommand.h">
      <Filter>src\engine\rendering</Filter>
    </ClInclude>
    <ClInclude Include="src\engine\rendering\RenderCommander.h">
      <Filter>src\engine\rendering</Filter>
    </ClInclude>
    <ClInclude Include="src\engine\rendering\RendererDX11.h">
      <Filter>src\engine\rendering</Filter>
    </ClInclude>
    <ClInclude Include="src\engine\rendering\TextureManagerDX11.h">
      <Filter>src\engine\rendering</Filter>
    </ClInclude>
    <ClInclude Include="src\engine\rendering\mesh\IMesh.h">
      <Filter>src\engine\rendering\mesh</Filter>
    </ClInclude>
    <ClInclude Include="src\engine\rendering\mesh\SimpleQuad.h">
      <Filter>src\engine\rendering\mesh</Filter>
    </ClInclude>
    <ClInclude Include="src\engine\rendering\mesh\TexturedQuad.h">
      <Filter>src\engine\rendering\mesh</Filter>
    </ClInclude>
    <ClInclude Include="src\engine\rendering\shaderobjects\SimplePS.h">
      <Filter>src\engine\rendering\shaderobjects</Filter>
    </ClInclude>
    <ClInclude Include="src\engine\rendering\shaderobjects\SimpleVS.h">
      <Filter>src\engine\rendering\shaderobjects</Filter>
    </ClInclude>
    <ClInclude Include="src\engine\rendering\shaderobjects\WorldTransformVSObject.h">
      <Filter>src\engine\rendering\shaderobjects</Filter>
    </ClInclude>
    <ClInclude Include="src\engine\time\Clock.h">
      <Filter>src\engine\time</Filter>
    </ClInclude>
    <ClInclude Include="src\game\CharacterControllerComponent.h">
      <Filter>src\game</Filter>
    </ClInclude>
    <ClInclude Include="src\game\GameClient.h">
      <Filter>src\game</Filter>
    </ClInclude>
    <ClInclude Include="src\game\ObjectsFactory.h">
      <Filter>src\game</Filter>
    </ClInclude>
    <ClInclude Include="src\game\SimpleEntity.h">
      <Filter>src\game</Filter>
    </ClInclude>
    <ClInclude Include="src\game\SimpleEntityBase.h">
      <Filter>src\game</Filter>
    </ClInclude>
    <ClInclude Include="src\game\SimpleTexturedPS.h">
      <Filter>src\game</Filter>
    </ClInclude>
    <ClInclude Include="src\game\SimpleTexturedVC.h">
      <Filter>src\game</Filter>
    </ClInclude>
    <ClInclude Include="src\game\SimpleTexturedVS.h">
      <Filter>src\game</Filter>
    </ClInclude>
    <ClInclude Include="src\game\SimpleVisualComponent.h">
      <Filter>src\game</Filter>
    </ClInclude>
    <ClInclude Include="src\networking\NetworkManager.h">
      <Filter>src\networking</Filter>
    </ClInclude>
    <ClInclude Include="src\networking\client\Client.h">
      <Filter>src\networking\client</Filter>
    </ClInclude>
    <ClInclude Include="src\networking\client\ClientController.h">
      <Filter>src\networking\client</Filter>
    </ClInclude>
    <ClInclude Include="src\networking\networkutil\Buffer.h">
      <Filter>src\networking\networkutil</Filter>
    </ClInclude>
    <ClInclude Include="src\networking\networkutil\Peer.h">
      <Filter>src\networking\networkutil</Filter>
    </ClInclude>
    <ClInclude Include="src\networking\networkutil\networkutils.h">
      <Filter>src\networking\networkutil</Filter>
    </ClInclude>
    <ClInclude Include="src\networking\server\Server.h">
      <Filter>src\networking\server</Filter>
    </ClInclude>
    <ClInclude Include="src\networking\server\ServerController.h">
      <Filter>src\networking\server</Filter>
    </ClInclude>
    <ClInclude Include="src\util\Collections.h">
      <Filter>src\util</Filter>
    </ClInclude>
    <ClInclude Include="src\util\StringUtils.h">
      <Filter>src\util</Filter>
    </ClInclude>
    <ClInclude Include="src\util\math\Mat.h">
      <Filter>src\util\math</Filter>
    </ClInclude>
    <ClInclude Include="src\util\math\MathUtils.h">
      <Filter>src\util\math</Filter>
    </ClInclude>
    <ClInclude Include="src\util\math\Vec.h">
      <Filter>src\util\math</Filter>
    </ClInclude>
    <ClInclude Include="src\engine\rendering\SamplerDX.h">
      <Filter>src\engine\rendering</Filter>
    </ClInclude>
  </ItemGroup>
  <ItemGroup>
    <ClCompile Include="extern\lodepng\lodepng.cpp">
      <Filter>extern\lodepng</Filter>
    </ClCompile>
    <ClCompile Include="src\engine\camera\Camera.cpp">
      <Filter>src\engine\camera</Filter>
    </ClCompile>
    <ClCompile Include="src\engine\camera\CameraHandler.cpp">
      <Filter>src\engine\camera</Filter>
    </ClCompile>
    <ClCompile Include="src\engine\core\Engine.cpp">
      <Filter>src\engine\core</Filter>
    </ClCompile>
    <ClCompile Include="src\engine\core\MetaData.cpp">
      <Filter>src\engine\core</Filter>
    </ClCompile>
    <ClCompile Include="src\engine\core\Window.cpp">
      <Filter>src\engine\core</Filter>
    </ClCompile>
    <ClCompile Include="src\engine\core\World.cpp">
      <Filter>src\engine\core</Filter>
    </ClCompile>
    <ClCompile Include="src\engine\input\InputHandler.cpp">
      <Filter>src\engine\input</Filter>
    </ClCompile>
    <ClCompile Include="src\engine\logging\Logging.cpp">
      <Filter>src\engine\logging</Filter>
    </ClCompile>
    <ClCompile Include="src\engine\object\Entity.cpp">
      <Filter>src\engine\object</Filter>
    </ClCompile>
    <ClCompile Include="src\engine\object\Transform.cpp">
      <Filter>src\engine\object</Filter>
    </ClCompile>
    <ClCompile Include="src\engine\object\basecomponents\CameraComponent.cpp">
      <Filter>src\engine\object\basecomponents</Filter>
    </ClCompile>
    <ClCompile Include="src\engine\object\basecomponents\Component.cpp">
      <Filter>src\engine\object\basecomponents</Filter>
    </ClCompile>
    <ClCompile Include="src\engine\object\basecomponents\RigidBodyComponent.cpp">
      <Filter>src\engine\object\basecomponents</Filter>
    </ClCompile>
    <ClCompile Include="src\engine\object\basecomponents\VisualComponent.cpp">
      <Filter>src\engine\object\basecomponents</Filter>
    </ClCompile>
    <ClCompile Include="src\engine\physics\Physics.cpp">
      <Filter>src\engine\physics</Filter>
    </ClCompile>
    <ClCompile Include="src\engine\rendering\IShader.cpp">
      <Filter>src\engine\rendering</Filter>
    </ClCompile>
    <ClCompile Include="src\engine\rendering\RenderCommander.cpp">
      <Filter>src\engine\rendering</Filter>
    </ClCompile>
    <ClCompile Include="src\engine\rendering\RendererDX11.cpp">
      <Filter>src\engine\rendering</Filter>
    </ClCompile>
    <ClCompile Include="src\engine\rendering\TextureManagerDX11.cpp">
      <Filter>src\engine\rendering</Filter>
    </ClCompile>
    <ClCompile Include="src\engine\rendering\mesh\IMesh.cpp">
      <Filter>src\engine\rendering\mesh</Filter>
    </ClCompile>
    <ClCompile Include="src\engine\rendering\mesh\SimpleQuad.cpp">
      <Filter>src\engine\rendering\mesh</Filter>
    </ClCompile>
    <ClCompile Include="src\engine\rendering\mesh\TexturedQuad.cpp">
      <Filter>src\engine\rendering\mesh</Filter>
    </ClCompile>
    <ClCompile Include="src\engine\rendering\shaderobjects\SimplePS.cpp">
      <Filter>src\engine\rendering\shaderobjects</Filter>
    </ClCompile>
    <ClCompile Include="src\engine\rendering\shaderobjects\SimpleVS.cpp">
      <Filter>src\engine\rendering\shaderobjects</Filter>
    </ClCompile>
    <ClCompile Include="src\engine\rendering\shaderobjects\WorldTransfromVSObject.cpp">
      <Filter>src\engine\rendering\shaderobjects</Filter>
    </ClCompile>
    <ClCompile Include="src\engine\time\Clock.cpp">
      <Filter>src\engine\time</Filter>
    </ClCompile>
    <ClCompile Include="src\game\CharacterControllerComponent.cpp">
      <Filter>src\game</Filter>
    </ClCompile>
    <ClCompile Include="src\game\GameClient.cpp">
      <Filter>src\game</Filter>
    </ClCompile>
    <ClCompile Include="src\game\ObjectsFactory.cpp">
      <Filter>src\game</Filter>
    </ClCompile>
    <ClCompile Include="src\game\SimpleEntity.cpp">
      <Filter>src\game</Filter>
    </ClCompile>
    <ClCompile Include="src\game\SimpleEntityBase.cpp">
      <Filter>src\game</Filter>
    </ClCompile>
    <ClCompile Include="src\game\SimpleTexturedPS.cpp">
      <Filter>src\game</Filter>
    </ClCompile>
    <ClCompile Include="src\game\SimpleTexturedVC.cpp">
      <Filter>src\game</Filter>
    </ClCompile>
    <ClCompile Include="src\game\SimpleTexturedVS.cpp">
      <Filter>src\game</Filter>
    </ClCompile>
    <ClCompile Include="src\game\SimpleVisualComponent.cpp">
      <Filter>src\game</Filter>
    </ClCompile>
    <ClCompile Include="src\game\main.cpp">
      <Filter>src\game</Filter>
    </ClCompile>
    <ClCompile Include="src\networking\NetworkManager.cpp">
      <Filter>src\networking</Filter>
    </ClCompile>
    <ClCompile Include="src\networking\client\Client.cpp">
      <Filter>src\networking\client</Filter>
    </ClCompile>
    <ClCompile Include="src\networking\client\ClientController.cpp">
      <Filter>src\networking\client</Filter>
    </ClCompile>
    <ClCompile Include="src\networking\networkutil\Buffer.cpp">
      <Filter>src\networking\networkutil</Filter>
    </ClCompile>
    <ClCompile Include="src\networking\networkutil\Peer.cpp">
      <Filter>src\networking\networkutil</Filter>
    </ClCompile>
    <ClCompile Include="src\networking\networkutil\networkutils.cpp">
      <Filter>src\networking\networkutil</Filter>
    </ClCompile>
    <ClCompile Include="src\networking\server\Server.cpp">
      <Filter>src\networking\server</Filter>
    </ClCompile>
    <ClCompile Include="src\networking\server\ServerController.cpp">
      <Filter>src\networking\server</Filter>
    </ClCompile>
    <ClCompile Include="src\util\math\Mat.cpp">
      <Filter>src\util\math</Filter>
    </ClCompile>
    <ClCompile Include="src\util\math\MathUtils.cpp">
      <Filter>src\util\math</Filter>
    </ClCompile>
    <ClCompile Include="src\util\math\Vec.cpp">
      <Filter>src\util\math</Filter>
    </ClCompile>
    <ClCompile Include="src\engine\rendering\SamplerDX.cpp">
      <Filter>src\engine\rendering</Filter>
    </ClCompile>
  </ItemGroup>
  <ItemGroup>
    <None Include="src\engine\rendering\shaders\SimplePS.hlsl">
      <Filter>src\engine\rendering\shaders</Filter>
    </None>
    <None Include="src\engine\rendering\shaders\SimpleVS.hlsl">
      <Filter>src\engine\rendering\shaders</Filter>
    </None>
    <None Include="src\engine\rendering\shaders\SingleColorPS.hlsl">
      <Filter>src\engine\rendering\shaders</Filter>
    </None>
    <None Include="src\engine\rendering\shaders\WorldTransformVS.hlsl">
      <Filter>src\engine\rendering\shaders</Filter>
    </None>
  </ItemGroup>
</Project>